
Microsoft Visual Studio Solution File, Format Version 12.00
# Visual Studio Version 17
VisualStudioVersion = 17.3.32825.248
MinimumVisualStudioVersion = 10.0.40219.1
Project("{FAE04EC0-301F-11D3-BF4B-00C04F79EFBC}") = "mnp-demo-dotnet", "mnp-demo-dotnet.csproj", "{3AAE545F-0AFF-4E45-9D8F-2B59881533F8}"
EndProject
Project("{FAE04EC0-301F-11D3-BF4B-00C04F79EFBC}") = "mnp-demo-dotnet.Tests", "..\mnp-demo-dotnet.Tests\mnp-demo-dotnet.Tests.csproj", "{8A5F3F8E-9375-44E4-B5C1-208C7D597C90}"
EndProject
Global
	GlobalSection(SolutionConfigurationPlatforms) = preSolution
		Debug|Any CPU = Debug|Any CPU
		Release|Any CPU = Release|Any CPU
	EndGlobalSection
	GlobalSection(ProjectConfigurationPlatforms) = postSolution
		{3AAE545F-0AFF-4E45-9D8F-2B59881533F8}.Debug|Any CPU.ActiveCfg = Debug|Any CPU
		{3AAE545F-0AFF-4E45-9D8F-2B59881533F8}.Debug|Any CPU.Build.0 = Debug|Any CPU
		{3AAE545F-0AFF-4E45-9D8F-2B59881533F8}.Release|Any CPU.ActiveCfg = Release|Any CPU
		{3AAE545F-0AFF-4E45-9D8F-2B59881533F8}.Release|Any CPU.Build.0 = Release|Any CPU
		{8A5F3F8E-9375-44E4-B5C1-208C7D597C90}.Debug|Any CPU.ActiveCfg = Debug|Any CPU
		{8A5F3F8E-9375-44E4-B5C1-208C7D597C90}.Debug|Any CPU.Build.0 = Debug|Any CPU
		{8A5F3F8E-9375-44E4-B5C1-208C7D597C90}.Release|Any CPU.ActiveCfg = Release|Any CPU
		{8A5F3F8E-9375-44E4-B5C1-208C7D597C90}.Release|Any CPU.Build.0 = Release|Any CPU
	EndGlobalSection
	GlobalSection(SolutionProperties) = preSolution
		HideSolutionNode = FALSE
	EndGlobalSection
	GlobalSection(ExtensibilityGlobals) = postSolution
		SolutionGuid = {748B0C9F-C10D-48BE-8AC6-9230EC8CCD0D}
	EndGlobalSection
EndGlobal
